
Microsoft Visual Studio Solution File, Format Version 12.00
# Visual Studio 15
VisualStudioVersion = 15.0.27703.2026
MinimumVisualStudioVersion = 10.0.40219.1
Project("{FAE04EC0-301F-11D3-BF4B-00C04F79EFBC}") = "MedianConsumption", "MedianConsumption.csproj", "{B53723D5-A0E6-4727-82AF-9A73348801CA}"
EndProject
Project("{FAE04EC0-301F-11D3-BF4B-00C04F79EFBC}") = "Entities", "..\Entities\Entities.csproj", "{3734FAA5-459F-455C-8F72-DCA34DD8BFC8}"
EndProject
Project("{FAE04EC0-301F-11D3-BF4B-00C04F79EFBC}") = "MedianConsumptionTest", "..\MedianConsumptionTest\MedianConsumptionTest.csproj", "{06C69C00-86FD-4A28-8557-737729FE5858}"
EndProject
Global
	GlobalSection(SolutionConfigurationPlatforms) = preSolution
		Debug|Any CPU = Debug|Any CPU
		Release|Any CPU = Release|Any CPU
	EndGlobalSection
	GlobalSection(ProjectConfigurationPlatforms) = postSolution
		{B53723D5-A0E6-4727-82AF-9A73348801CA}.Debug|Any CPU.ActiveCfg = Debug|Any CPU
		{B53723D5-A0E6-4727-82AF-9A73348801CA}.Debug|Any CPU.Build.0 = Debug|Any CPU
		{B53723D5-A0E6-4727-82AF-9A73348801CA}.Release|Any CPU.ActiveCfg = Release|Any CPU
		{B53723D5-A0E6-4727-82AF-9A73348801CA}.Release|Any CPU.Build.0 = Release|Any CPU
		{3734FAA5-459F-455C-8F72-DCA34DD8BFC8}.Debug|Any CPU.ActiveCfg = Debug|Any CPU
		{3734FAA5-459F-455C-8F72-DCA34DD8BFC8}.Debug|Any CPU.Build.0 = Debug|Any CPU
		{3734FAA5-459F-455C-8F72-DCA34DD8BFC8}.Release|Any CPU.ActiveCfg = Release|Any CPU
		{3734FAA5-459F-455C-8F72-DCA34DD8BFC8}.Release|Any CPU.Build.0 = Release|Any CPU
		{06C69C00-86FD-4A28-8557-737729FE5858}.Debug|Any CPU.ActiveCfg = Debug|Any CPU
		{06C69C00-86FD-4A28-8557-737729FE5858}.Debug|Any CPU.Build.0 = Debug|Any CPU
		{06C69C00-86FD-4A28-8557-737729FE5858}.Release|Any CPU.ActiveCfg = Release|Any CPU
		{06C69C00-86FD-4A28-8557-737729FE5858}.Release|Any CPU.Build.0 = Release|Any CPU
	EndGlobalSection
	GlobalSection(SolutionProperties) = preSolution
		HideSolutionNode = FALSE
	EndGlobalSection
	GlobalSection(ExtensibilityGlobals) = postSolution
		SolutionGuid = {C6208F3B-BE5D-492C-9E96-A2FD51DEE059}
	EndGlobalSection
EndGlobal
